{
  "nodes": {
    "nixpkgs": {
      "locked": {
        "lastModified": 1614853307,
        "narHash": "sha256-lx35yLuyHMve5gd2wFZ+Jq/w11mew8xKC4hdxOBLy1w=",
        "owner": "NixOS",
        "repo": "nixpkgs",
        "rev": "c4c5bf8b7ce7d2adb14022829816ad786a1d987c",
        "type": "github"
      },
      "original": {
        "id": "nixpkgs",
        "type": "indirect"
      }
    },
    "root": {
      "inputs": {
        "nixpkgs": "nixpkgs"
      }
    }
  },
  "root": "root",
  "version": 7
}
